
Microsoft Visual Studio Solution File, Format Version 12.00
# Visual Studio Version 17
VisualStudioVersion = 17.14.36511.14 d17.14
MinimumVisualStudioVersion = 10.0.40219.1
Project("{FAE04EC0-301F-11D3-BF4B-00C04F79EFBC}") = "EsemprendedorApi", "EsemprendedorApi.csproj", "{5ED665AC-7502-D6EC-8F43-0E0362962CCE}"
EndProject
Global
	GlobalSection(SolutionConfigurationPlatforms) = preSolution
		Debug|Any CPU = Debug|Any CPU
		Release|Any CPU = Release|Any CPU
	EndGlobalSection
	GlobalSection(ProjectConfigurationPlatforms) = postSolution
		{5ED665AC-7502-D6EC-8F43-0E0362962CCE}.Debug|Any CPU.ActiveCfg = Debug|Any CPU
		{5ED665AC-7502-D6EC-8F43-0E0362962CCE}.Debug|Any CPU.Build.0 = Debug|Any CPU
		{5ED665AC-7502-D6EC-8F43-0E0362962CCE}.Release|Any CPU.ActiveCfg = Release|Any CPU
		{5ED665AC-7502-D6EC-8F43-0E0362962CCE}.Release|Any CPU.Build.0 = Release|Any CPU
	EndGlobalSection
	GlobalSection(SolutionProperties) = preSolution
		HideSolutionNode = FALSE
	EndGlobalSection
	GlobalSection(ExtensibilityGlobals) = postSolution
		SolutionGuid = {39562E66-06F8-4AD5-943A-A1F77111BF81}
	EndGlobalSection
EndGlobal
